PODS:
  - MBProgressHUD (0.9.2)
  - ModernDesign (1.0.0):
    - MBProgressHUD (~> 0.9)
    - PureLayout (~> 3.0)
    - SwiftCommons (~> 1.0.0)
  - PureLayout (3.0.2)
  - SwiftCommons (1.0.0):
    - SwiftyJSON (~> 3.1)
  - SwiftyJSON (3.1.4)

DEPENDENCIES:
  - ModernDesign (from `../../`)
  - SwiftCommons (from `https://github.com/kolyasev/swift-commons.ios.git`, tag `1.0.0`)

EXTERNAL SOURCES:
  ModernDesign:
    :path: "../../"
  SwiftCommons:
    :git: https://github.com/kolyasev/swift-commons.ios.git
    :tag: 1.0.0

CHECKOUT OPTIONS:
  SwiftCommons:
    :git: https://github.com/kolyasev/swift-commons.ios.git
    :tag: 1.0.0

SPEC CHECKSUMS:
  MBProgressHUD: 1569cf7ace17a8bac47aabfbb8580a49690386d1
  ModernDesign: 235526f4cdca9ca5afeec6037c34ed009ca110e8
  PureLayout: 4d550abe49a94f24c2808b9b95db9131685fe4cd
  SwiftCommons: 9d36feb11da1604a451d69b1d20496bc8d923cea
  SwiftyJSON: c2842d878f95482ffceec5709abc3d05680c0220

PODFILE CHECKSUM: 979e28bcab3fe624fb8cfadf58466a687b630712

COCOAPODS: 1.2.1
