PODS:
  - MBProgressHUD (0.9.2)
  - ModernDesign (0.4.0):
    - MBProgressHUD (~> 0.9)
    - PureLayout (~> 3.0)
    - SwiftCommons (~> 0.4.0)
  - PureLayout (3.0.2)
  - SwiftCommons (0.4.0):
    - SwiftyJSON (~> 2.4)
  - SwiftyJSON (2.4.0)

DEPENDENCIES:
  - ModernDesign (from `../../`)
  - SwiftCommons (from `https://github.com/roxiemobile/swift-commons.ios.git`, tag `0.4.0`)

EXTERNAL SOURCES:
  ModernDesign:
    :path: "../../"
  SwiftCommons:
    :git: https://github.com/roxiemobile/swift-commons.ios.git
    :tag: 0.4.0

CHECKOUT OPTIONS:
  SwiftCommons:
    :git: https://github.com/roxiemobile/swift-commons.ios.git
    :tag: 0.4.0

SPEC CHECKSUMS:
  MBProgressHUD: 1569cf7ace17a8bac47aabfbb8580a49690386d1
  ModernDesign: de4fe358d2d11689f00ce3ce2b5ebf5ae9b309f1
  PureLayout: 4d550abe49a94f24c2808b9b95db9131685fe4cd
  SwiftCommons: f9a9725ccbaa5f4971db4ffd32bd85bc1356c586
  SwiftyJSON: 96918c1bf505efa50c4f72957018dd3452090c9c

PODFILE CHECKSUM: dcadbb4f1f153dc1654873f3b7b1be7fee3f4dd5

COCOAPODS: 1.1.1
