{
  "pins" : [
    {
      "identity" : "swift-commons-ios",
      "kind" : "remoteSourceControl",
      "location" : "https://github.com/roxiemobile/swift-commons-ios",
      "state" : {
        "revision" : "20a9a3390d112909fd32b482546df49a708cd9cf",
        "version" : "1.7.0"
      }
    }
  ],
  "version" : 2
}
