// !$*UTF8*$!
{
	archiveVersion = 1;
	classes = {
	};
	objectVersion = 48;
	objects = {

/* Begin PBXBuildFile section */
		154EF7AE8DBF544C4F7B5DD3 /* Pods_ModernDesign_Extensions.framework in Frameworks */ = {isa = PBXBuildFile; fileRef = 4631062F88F19B5953D1A49B /* Pods_ModernDesign_Extensions.framework */; };
		196ED3F31FD041AF00A52905 /* UIDevice.swift in Sources */ = {isa = PBXBuildFile; fileRef = 196ED3F01FD041AF00A52905 /* UIDevice.swift */; };
		196ED3F41FD041AF00A52905 /* UIImage.swift in Sources */ = {isa = PBXBuildFile; fileRef = 196ED3F11FD041AF00A52905 /* UIImage.swift */; };
		196ED3F51FD041AF00A52905 /* UIViewController.swift in Sources */ = {isa = PBXBuildFile; fileRef = 196ED3F21FD041AF00A52905 /* UIViewController.swift */; };
		19C434EB1FCC9E2900984A2D /* ModernDesignExtensions.h in Headers */ = {isa = PBXBuildFile; fileRef = 19C434EA1FCC9E2900984A2D /* ModernDesignExtensions.h */; settings = {ATTRIBUTES = (Public, ); }; };
		19C434ED1FCC9F0800984A2D /* ModernDesignExtensions.m in Sources */ = {isa = PBXBuildFile; fileRef = 19C434EC1FCC9F0800984A2D /* ModernDesignExtensions.m */; };
/* End PBXBuildFile section */

/* Begin PBXFileReference section */
		194320D01FCC9A7100480FDD /* ModernDesignExtensions.framework */ = {isa = PBXFileReference; explicitFileType = wrapper.framework; includeInIndex = 0; path = ModernDesignExtensions.framework; sourceTree = BUILT_PRODUCTS_DIR; };
		194320D31FCC9A7100480FDD /* Info.plist */ = {isa = PBXFileReference; lastKnownFileType = text.plist.xml; path = Info.plist; sourceTree = "<group>"; };
		196ED3F01FD041AF00A52905 /* UIDevice.swift */ = {isa = PBXFileReference; fileEncoding = 4; lastKnownFileType = sourcecode.swift; path = UIDevice.swift; sourceTree = "<group>"; };
		196ED3F11FD041AF00A52905 /* UIImage.swift */ = {isa = PBXFileReference; fileEncoding = 4; lastKnownFileType = sourcecode.swift; path = UIImage.swift; sourceTree = "<group>"; };
		196ED3F21FD041AF00A52905 /* UIViewController.swift */ = {isa = PBXFileReference; fileEncoding = 4; lastKnownFileType = sourcecode.swift; path = UIViewController.swift; sourceTree = "<group>"; };
		1976D4C41FCB7C9100C07C72 /* ModernDesign.Extensions.xcconfig */ = {isa = PBXFileReference; fileEncoding = 4; lastKnownFileType = text.xcconfig; path = ModernDesign.Extensions.xcconfig; sourceTree = "<group>"; };
		19C434EA1FCC9E2900984A2D /* ModernDesignExtensions.h */ = {isa = PBXFileReference; fileEncoding = 4; lastKnownFileType = sourcecode.c.h; path = ModernDesignExtensions.h; sourceTree = "<group>"; };
		19C434EC1FCC9F0800984A2D /* ModernDesignExtensions.m */ = {isa = PBXFileReference; fileEncoding = 4; lastKnownFileType = sourcecode.c.objc; path = ModernDesignExtensions.m; sourceTree = "<group>"; };
		4631062F88F19B5953D1A49B /* Pods_ModernDesign_Extensions.framework */ = {isa = PBXFileReference; explicitFileType = wrapper.framework; includeInIndex = 0; path = Pods_ModernDesign_Extensions.framework; sourceTree = BUILT_PRODUCTS_DIR; };
		57C2115F515BB2E027EB7639 /* Pods-ModernDesign.Extensions.debug.xcconfig */ = {isa = PBXFileReference; includeInIndex = 1; lastKnownFileType = text.xcconfig; name = "Pods-ModernDesign.Extensions.debug.xcconfig"; path = "../../../CocoaPods/Pods/Target Support Files/Pods-ModernDesign.Extensions/Pods-ModernDesign.Extensions.debug.xcconfig"; sourceTree = "<group>"; };
		83101A141029B1CFC28D4528 /* Pods-ModernDesign.Extensions.release.xcconfig */ = {isa = PBXFileReference; includeInIndex = 1; lastKnownFileType = text.xcconfig; name = "Pods-ModernDesign.Extensions.release.xcconfig"; path = "../../../CocoaPods/Pods/Target Support Files/Pods-ModernDesign.Extensions/Pods-ModernDesign.Extensions.release.xcconfig"; sourceTree = "<group>"; };
/* End PBXFileReference section */

/* Begin PBXFrameworksBuildPhase section */
		194320CC1FCC9A7100480FDD /* Frameworks */ = {
			isa = PBXFrameworksBuildPhase;
			buildActionMask = 2147483647;
			files = (
				154EF7AE8DBF544C4F7B5DD3 /* Pods_ModernDesign_Extensions.framework in Frameworks */,
			);
			runOnlyForDeploymentPostprocessing = 0;
		};
/* End PBXFrameworksBuildPhase section */

/* Begin PBXGroup section */
		196ED3EF1FD041AF00A52905 /* UIKit */ = {
			isa = PBXGroup;
			children = (
				196ED3F01FD041AF00A52905 /* UIDevice.swift */,
				196ED3F11FD041AF00A52905 /* UIImage.swift */,
				196ED3F21FD041AF00A52905 /* UIViewController.swift */,
			);
			path = UIKit;
			sourceTree = "<group>";
		};
		1976D4C21FCB7C9100C07C72 /* Configuration */ = {
			isa = PBXGroup;
			children = (
				1976D4C41FCB7C9100C07C72 /* ModernDesign.Extensions.xcconfig */,
				194320D31FCC9A7100480FDD /* Info.plist */,
			);
			path = Configuration;
			sourceTree = "<group>";
		};
		19C0171B1F72CC3A00D29F73 = {
			isa = PBXGroup;
			children = (
				19EB0CA01F72DF0D0029F302 /* Sources */,
				1976D4C21FCB7C9100C07C72 /* Configuration */,
				19EB0C9E1F72DF0D0029F302 /* Resources */,
				19EB0CA21F72DF0D0029F302 /* Dependencies */,
				19C017251F72CC3A00D29F73 /* Products */,
				DCD3D183FB87BB119412C60B /* Pods */,
				FE26A0206A7F065E99E4CACB /* Frameworks */,
			);
			sourceTree = "<group>";
		};
		19C017251F72CC3A00D29F73 /* Products */ = {
			isa = PBXGroup;
			children = (
				194320D01FCC9A7100480FDD /* ModernDesignExtensions.framework */,
			);
			name = Products;
			sourceTree = "<group>";
		};
		19EB0C9E1F72DF0D0029F302 /* Resources */ = {
			isa = PBXGroup;
			children = (
			);
			path = Resources;
			sourceTree = "<group>";
		};
		19EB0CA01F72DF0D0029F302 /* Sources */ = {
			isa = PBXGroup;
			children = (
				196ED3EF1FD041AF00A52905 /* UIKit */,
			);
			path = Sources;
			sourceTree = "<group>";
		};
		19EB0CA21F72DF0D0029F302 /* Dependencies */ = {
			isa = PBXGroup;
			children = (
				19C434EA1FCC9E2900984A2D /* ModernDesignExtensions.h */,
				19C434EC1FCC9F0800984A2D /* ModernDesignExtensions.m */,
			);
			path = Dependencies;
			sourceTree = "<group>";
		};
		DCD3D183FB87BB119412C60B /* Pods */ = {
			isa = PBXGroup;
			children = (
				57C2115F515BB2E027EB7639 /* Pods-ModernDesign.Extensions.debug.xcconfig */,
				83101A141029B1CFC28D4528 /* Pods-ModernDesign.Extensions.release.xcconfig */,
			);
			name = Pods;
			sourceTree = "<group>";
		};
		FE26A0206A7F065E99E4CACB /* Frameworks */ = {
			isa = PBXGroup;
			children = (
				4631062F88F19B5953D1A49B /* Pods_ModernDesign_Extensions.framework */,
			);
			name = Frameworks;
			sourceTree = "<group>";
		};
/* End PBXGroup section */

/* Begin PBXHeadersBuildPhase section */
		194320CD1FCC9A7100480FDD /* Headers */ = {
			isa = PBXHeadersBuildPhase;
			buildActionMask = 2147483647;
			files = (
				19C434EB1FCC9E2900984A2D /* ModernDesignExtensions.h in Headers */,
			);
			runOnlyForDeploymentPostprocessing = 0;
		};
/* End PBXHeadersBuildPhase section */

/* Begin PBXNativeTarget section */
		194320CF1FCC9A7100480FDD /* ModernDesign.Extensions */ = {
			isa = PBXNativeTarget;
			buildConfigurationList = 194320D51FCC9A7100480FDD /* Build configuration list for PBXNativeTarget "ModernDesign.Extensions" */;
			buildPhases = (
				C9FC634F851B3E08E8A710D0 /* [CP] Check Pods Manifest.lock */,
				194320CB1FCC9A7100480FDD /* Sources */,
				194320CC1FCC9A7100480FDD /* Frameworks */,
				194320CD1FCC9A7100480FDD /* Headers */,
				194320CE1FCC9A7100480FDD /* Resources */,
			);
			buildRules = (
			);
			dependencies = (
			);
			name = ModernDesign.Extensions;
			productName = ModernDesign.Extensions;
			productReference = 194320D01FCC9A7100480FDD /* ModernDesignExtensions.framework */;
			productType = "com.apple.product-type.framework";
		};
/* End PBXNativeTarget section */

/* Begin PBXProject section */
		19C0171C1F72CC3A00D29F73 /* Project object */ = {
			isa = PBXProject;
			attributes = {
				LastSwiftUpdateCheck = 0900;
				LastUpgradeCheck = 1000;
				ORGANIZATIONNAME = "Alexander Bragin";
				TargetAttributes = {
					194320CF1FCC9A7100480FDD = {
						CreatedOnToolsVersion = 9.1;
						ProvisioningStyle = Automatic;
					};
				};
			};
			buildConfigurationList = 19C0171F1F72CC3A00D29F73 /* Build configuration list for PBXProject "ModernDesign.Extensions" */;
			compatibilityVersion = "Xcode 8.0";
			developmentRegion = en;
			hasScannedForEncodings = 0;
			knownRegions = (
				en,
			);
			mainGroup = 19C0171B1F72CC3A00D29F73;
			productRefGroup = 19C017251F72CC3A00D29F73 /* Products */;
			projectDirPath = "";
			projectRoot = "";
			targets = (
				194320CF1FCC9A7100480FDD /* ModernDesign.Extensions */,
			);
		};
/* End PBXProject section */

/* Begin PBXResourcesBuildPhase section */
		194320CE1FCC9A7100480FDD /* Resources */ = {
			isa = PBXResourcesBuildPhase;
			buildActionMask = 2147483647;
			files = (
			);
			runOnlyForDeploymentPostprocessing = 0;
		};
/* End PBXResourcesBuildPhase section */

/* Begin PBXShellScriptBuildPhase section */
		C9FC634F851B3E08E8A710D0 /* [CP] Check Pods Manifest.lock */ = {
			isa = PBXShellScriptBuildPhase;
			buildActionMask = 2147483647;
			files = (
			);
			inputPaths = (
				"${PODS_PODFILE_DIR_PATH}/Podfile.lock",
				"${PODS_ROOT}/Manifest.lock",
			);
			name = "[CP] Check Pods Manifest.lock";
			outputPaths = (
				"$(DERIVED_FILE_DIR)/Pods-ModernDesign.Extensions-checkManifestLockResult.txt",
			);
			runOnlyForDeploymentPostprocessing = 0;
			shellPath = /bin/sh;
			shellScript = "diff \"${PODS_PODFILE_DIR_PATH}/Podfile.lock\" \"${PODS_ROOT}/Manifest.lock\" > /dev/null\nif [ $? != 0 ] ; then\n    # print error to STDERR\n    echo \"error: The sandbox is not in sync with the Podfile.lock. Run 'pod install' or update your CocoaPods installation.\" >&2\n    exit 1\nfi\n# This output is used by Xcode 'outputs' to avoid re-running this script phase.\necho \"SUCCESS\" > \"${SCRIPT_OUTPUT_FILE_0}\"\n";
			showEnvVarsInLog = 0;
		};
/* End PBXShellScriptBuildPhase section */

/* Begin PBXSourcesBuildPhase section */
		194320CB1FCC9A7100480FDD /* Sources */ = {
			isa = PBXSourcesBuildPhase;
			buildActionMask = 2147483647;
			files = (
				196ED3F41FD041AF00A52905 /* UIImage.swift in Sources */,
				19C434ED1FCC9F0800984A2D /* ModernDesignExtensions.m in Sources */,
				196ED3F51FD041AF00A52905 /* UIViewController.swift in Sources */,
				196ED3F31FD041AF00A52905 /* UIDevice.swift in Sources */,
			);
			runOnlyForDeploymentPostprocessing = 0;
		};
/* End PBXSourcesBuildPhase section */

/* Begin XCBuildConfiguration section */
		194320D61FCC9A7100480FDD /* Debug */ = {
			isa = XCBuildConfiguration;
			baseConfigurationReference = 57C2115F515BB2E027EB7639 /* Pods-ModernDesign.Extensions.debug.xcconfig */;
			buildSettings = {
				CODE_SIGN_IDENTITY = "";
				CODE_SIGN_STYLE = Automatic;
				CURRENT_PROJECT_VERSION = 1;
				DEFINES_MODULE = YES;
				DYLIB_COMPATIBILITY_VERSION = 1;
				DYLIB_CURRENT_VERSION = 1;
				DYLIB_INSTALL_NAME_BASE = "@rpath";
				INFOPLIST_FILE = Configuration/Info.plist;
				INSTALL_PATH = "$(LOCAL_LIBRARY_DIR)/Frameworks";
				LD_RUNPATH_SEARCH_PATHS = "$(inherited) @executable_path/Frameworks @loader_path/Frameworks";
				SKIP_INSTALL = YES;
				SWIFT_ACTIVE_COMPILATION_CONDITIONS = DEBUG;
				VERSIONING_SYSTEM = "apple-generic";
				VERSION_INFO_PREFIX = "";
			};
			name = Debug;
		};
		194320D71FCC9A7100480FDD /* Release */ = {
			isa = XCBuildConfiguration;
			baseConfigurationReference = 83101A141029B1CFC28D4528 /* Pods-ModernDesign.Extensions.release.xcconfig */;
			buildSettings = {
				CODE_SIGN_IDENTITY = "";
				CODE_SIGN_STYLE = Automatic;
				CURRENT_PROJECT_VERSION = 1;
				DEFINES_MODULE = YES;
				DYLIB_COMPATIBILITY_VERSION = 1;
				DYLIB_CURRENT_VERSION = 1;
				DYLIB_INSTALL_NAME_BASE = "@rpath";
				INFOPLIST_FILE = Configuration/Info.plist;
				INSTALL_PATH = "$(LOCAL_LIBRARY_DIR)/Frameworks";
				LD_RUNPATH_SEARCH_PATHS = "$(inherited) @executable_path/Frameworks @loader_path/Frameworks";
				SKIP_INSTALL = YES;
				VERSIONING_SYSTEM = "apple-generic";
				VERSION_INFO_PREFIX = "";
			};
			name = Release;
		};
		19C0172B1F72CC3A00D29F73 /* Debug */ = {
			isa = XCBuildConfiguration;
			baseConfigurationReference = 1976D4C41FCB7C9100C07C72 /* ModernDesign.Extensions.xcconfig */;
			buildSettings = {
				ALWAYS_SEARCH_USER_PATHS = NO;
				CLANG_ANALYZER_NONNULL = YES;
				CLANG_ANALYZER_NUMBER_OBJECT_CONVERSION = YES_AGGRESSIVE;
				CLANG_CXX_LANGUAGE_STANDARD = "gnu++14";
				CLANG_CXX_LIBRARY = "libc++";
				CLANG_ENABLE_MODULES = YES;
				CLANG_ENABLE_OBJC_ARC = YES;
				CLANG_WARN_BLOCK_CAPTURE_AUTORELEASING = YES;
				CLANG_WARN_BOOL_CONVERSION = YES;
				CLANG_WARN_COMMA = YES;
				CLANG_WARN_CONSTANT_CONVERSION = YES;
				CLANG_WARN_DEPRECATED_OBJC_IMPLEMENTATIONS = YES;
				CLANG_WARN_DIRECT_OBJC_ISA_USAGE = YES_ERROR;
				CLANG_WARN_DOCUMENTATION_COMMENTS = YES;
				CLANG_WARN_EMPTY_BODY = YES;
				CLANG_WARN_ENUM_CONVERSION = YES;
				CLANG_WARN_INFINITE_RECURSION = YES;
				CLANG_WARN_INT_CONVERSION = YES;
				CLANG_WARN_NON_LITERAL_NULL_CONVERSION = YES;
				CLANG_WARN_OBJC_IMPLICIT_RETAIN_SELF = YES;
				CLANG_WARN_OBJC_LITERAL_CONVERSION = YES;
				CLANG_WARN_OBJC_ROOT_CLASS = YES_ERROR;
				CLANG_WARN_RANGE_LOOP_ANALYSIS = YES;
				CLANG_WARN_STRICT_PROTOTYPES = YES;
				CLANG_WARN_SUSPICIOUS_MOVE = YES;
				CLANG_WARN_UNGUARDED_AVAILABILITY = YES_AGGRESSIVE;
				CLANG_WARN_UNREACHABLE_CODE = YES;
				CLANG_WARN__DUPLICATE_METHOD_MATCH = YES;
				CODE_SIGN_IDENTITY = "iPhone Developer";
				COPY_PHASE_STRIP = NO;
				DEBUG_INFORMATION_FORMAT = dwarf;
				ENABLE_STRICT_OBJC_MSGSEND = YES;
				ENABLE_TESTABILITY = YES;
				GCC_C_LANGUAGE_STANDARD = gnu11;
				GCC_DYNAMIC_NO_PIC = NO;
				GCC_NO_COMMON_BLOCKS = YES;
				GCC_OPTIMIZATION_LEVEL = 0;
				GCC_PREPROCESSOR_DEFINITIONS = (
					"DEBUG=1",
					"$(inherited)",
				);
				GCC_WARN_64_TO_32_BIT_CONVERSION = YES;
				GCC_WARN_ABOUT_RETURN_TYPE = YES_ERROR;
				GCC_WARN_UNDECLARED_SELECTOR = YES;
				GCC_WARN_UNINITIALIZED_AUTOS = YES_AGGRESSIVE;
				GCC_WARN_UNUSED_FUNCTION = YES;
				GCC_WARN_UNUSED_VARIABLE = YES;
				MTL_ENABLE_DEBUG_INFO = YES;
				ONLY_ACTIVE_ARCH = YES;
				SDKROOT = iphoneos;
				SWIFT_OPTIMIZATION_LEVEL = "-Onone";
			};
			name = Debug;
		};
		19C0172C1F72CC3A00D29F73 /* Release */ = {
			isa = XCBuildConfiguration;
			baseConfigurationReference = 1976D4C41FCB7C9100C07C72 /* ModernDesign.Extensions.xcconfig */;
			buildSettings = {
				ALWAYS_SEARCH_USER_PATHS = NO;
				CLANG_ANALYZER_NONNULL = YES;
				CLANG_ANALYZER_NUMBER_OBJECT_CONVERSION = YES_AGGRESSIVE;
				CLANG_CXX_LANGUAGE_STANDARD = "gnu++14";
				CLANG_CXX_LIBRARY = "libc++";
				CLANG_ENABLE_MODULES = YES;
				CLANG_ENABLE_OBJC_ARC = YES;
				CLANG_WARN_BLOCK_CAPTURE_AUTORELEASING = YES;
				CLANG_WARN_BOOL_CONVERSION = YES;
				CLANG_WARN_COMMA = YES;
				CLANG_WARN_CONSTANT_CONVERSION = YES;
				CLANG_WARN_DEPRECATED_OBJC_IMPLEMENTATIONS = YES;
				CLANG_WARN_DIRECT_OBJC_ISA_USAGE = YES_ERROR;
				CLANG_WARN_DOCUMENTATION_COMMENTS = YES;
				CLANG_WARN_EMPTY_BODY = YES;
				CLANG_WARN_ENUM_CONVERSION = YES;
				CLANG_WARN_INFINITE_RECURSION = YES;
				CLANG_WARN_INT_CONVERSION = YES;
				CLANG_WARN_NON_LITERAL_NULL_CONVERSION = YES;
				CLANG_WARN_OBJC_IMPLICIT_RETAIN_SELF = YES;
				CLANG_WARN_OBJC_LITERAL_CONVERSION = YES;
				CLANG_WARN_OBJC_ROOT_CLASS = YES_ERROR;
				CLANG_WARN_RANGE_LOOP_ANALYSIS = YES;
				CLANG_WARN_STRICT_PROTOTYPES = YES;
				CLANG_WARN_SUSPICIOUS_MOVE = YES;
				CLANG_WARN_UNGUARDED_AVAILABILITY = YES_AGGRESSIVE;
				CLANG_WARN_UNREACHABLE_CODE = YES;
				CLANG_WARN__DUPLICATE_METHOD_MATCH = YES;
				CODE_SIGN_IDENTITY = "iPhone Developer";
				COPY_PHASE_STRIP = NO;
				DEBUG_INFORMATION_FORMAT = "dwarf-with-dsym";
				ENABLE_NS_ASSERTIONS = NO;
				ENABLE_STRICT_OBJC_MSGSEND = YES;
				GCC_C_LANGUAGE_STANDARD = gnu11;
				GCC_NO_COMMON_BLOCKS = YES;
				GCC_WARN_64_TO_32_BIT_CONVERSION = YES;
				GCC_WARN_ABOUT_RETURN_TYPE = YES_ERROR;
				GCC_WARN_UNDECLARED_SELECTOR = YES;
				GCC_WARN_UNINITIALIZED_AUTOS = YES_AGGRESSIVE;
				GCC_WARN_UNUSED_FUNCTION = YES;
				GCC_WARN_UNUSED_VARIABLE = YES;
				MTL_ENABLE_DEBUG_INFO = NO;
				SDKROOT = iphoneos;
				SWIFT_OPTIMIZATION_LEVEL = "-Owholemodule";
				VALIDATE_PRODUCT = YES;
			};
			name = Release;
		};
/* End XCBuildConfiguration section */

/* Begin XCConfigurationList section */
		194320D51FCC9A7100480FDD /* Build configuration list for PBXNativeTarget "ModernDesign.Extensions" */ = {
			isa = XCConfigurationList;
			buildConfigurations = (
				194320D61FCC9A7100480FDD /* Debug */,
				194320D71FCC9A7100480FDD /* Release */,
			);
			defaultConfigurationIsVisible = 0;
			defaultConfigurationName = Release;
		};
		19C0171F1F72CC3A00D29F73 /* Build configuration list for PBXProject "ModernDesign.Extensions" */ = {
			isa = XCConfigurationList;
			buildConfigurations = (
				19C0172B1F72CC3A00D29F73 /* Debug */,
				19C0172C1F72CC3A00D29F73 /* Release */,
			);
			defaultConfigurationIsVisible = 0;
			defaultConfigurationName = Release;
		};
/* End XCConfigurationList section */
	};
	rootObject = 19C0171C1F72CC3A00D29F73 /* Project object */;
}
