PODS:
  - SwiftCommons/Core/Lang (0.0.1)

DEPENDENCIES:
  - SwiftCommons/Core/Lang (from `https://github.com/roxiemobile/swift-commons.ios.git`, branch `sandbox`)

EXTERNAL SOURCES:
  SwiftCommons:
    :branch: sandbox
    :git: https://github.com/roxiemobile/swift-commons.ios.git

CHECKOUT OPTIONS:
  SwiftCommons:
    :commit: 3be2f3f6da0685e5318929ab2884a897be773c3b
    :git: https://github.com/roxiemobile/swift-commons.ios.git

SPEC CHECKSUMS:
  SwiftCommons: c231da391b282c94c54af08f416f75e7a85c9a8b

PODFILE CHECKSUM: 02689806b3a6676b889ce508ff2f50f355f9385d

COCOAPODS: 1.4.0.beta.2
