PODS:
  - SwiftCommons-SCF53/Lang (1.5.0):
    - SwiftCommonsLang-SCF53 (= 1.5.0)
  - SwiftCommonsLang-SCF53 (1.5.0):
    - SwiftCommonsLang-SCF53/StaticCocoaFramework (= 1.5.0)
  - SwiftCommonsLang-SCF53/StaticCocoaFramework (1.5.0)

DEPENDENCIES:
  - SwiftCommons-SCF53/Lang (~> 1.5.0)

SPEC REPOS:
  https://github.com/roxiemobile/static-cocoa-frameworks.ios.git:
    - SwiftCommons-SCF53
    - SwiftCommonsLang-SCF53

SPEC CHECKSUMS:
  SwiftCommons-SCF53: eab0998892d05432be930696797e9c12f354770d
  SwiftCommonsLang-SCF53: 7fd8094d317c5377c19da2f1e4e678c67b2b06d0

PODFILE CHECKSUM: 665a2dadc6fce81e402c858f00d5ab71d4515997

COCOAPODS: 1.10.0
