PODS:
  - SwiftCommons/Core/Lang (0.0.1)

DEPENDENCIES:
  - SwiftCommons/Core/Lang (from `https://github.com/roxiemobile/swift-commons.ios.git`, branch `sandbox`)

EXTERNAL SOURCES:
  SwiftCommons:
    :branch: sandbox
    :git: https://github.com/roxiemobile/swift-commons.ios.git

CHECKOUT OPTIONS:
  SwiftCommons:
    :commit: 9ce32e097e7b9b75b1a824bff2b2dac66d3388b6
    :git: https://github.com/roxiemobile/swift-commons.ios.git

SPEC CHECKSUMS:
  SwiftCommons: c231da391b282c94c54af08f416f75e7a85c9a8b

PODFILE CHECKSUM: 4a66edc051d251ff13ae26c3156c9ea31044a342

COCOAPODS: 1.4.0.beta.1
